
Microsoft Visual Studio Solution File, Format Version 12.00
# Visual Studio Version 17
VisualStudioVersion = 17.8.34330.188
MinimumVisualStudioVersion = 10.0.40219.1
Project("{9A19103F-16F7-4668-BE54-9A1E7A4F7556}") = "API", "src\API\API.csproj", "{C006F5FD-D4D5-4190-81B3-CBFC4B9D9199}"
EndProject
Project("{9A19103F-16F7-4668-BE54-9A1E7A4F7556}") = "Infrastructure", "src\Infrastructure\Infrastructure.csproj", "{87682DFB-B57B-42D8-8BCF-FA4616417397}"
EndProject
Project("{FAE04EC0-301F-11D3-BF4B-00C04F79EFBC}") = "Domain", "src\Domain\Domain.csproj", "{5E0639BD-E8EF-4E18-9F88-571DB20E9D01}"
EndProject
Global
	GlobalSection(SolutionConfigurationPlatforms) = preSolution
		Debug|Any CPU = Debug|Any CPU
		Release|Any CPU = Release|Any CPU
	EndGlobalSection
	GlobalSection(ProjectConfigurationPlatforms) = postSolution
		{C006F5FD-D4D5-4190-81B3-CBFC4B9D9199}.Debug|Any CPU.ActiveCfg = Debug|Any CPU
		{C006F5FD-D4D5-4190-81B3-CBFC4B9D9199}.Debug|Any CPU.Build.0 = Debug|Any CPU
		{C006F5FD-D4D5-4190-81B3-CBFC4B9D9199}.Release|Any CPU.ActiveCfg = Release|Any CPU
		{C006F5FD-D4D5-4190-81B3-CBFC4B9D9199}.Release|Any CPU.Build.0 = Release|Any CPU
		{87682DFB-B57B-42D8-8BCF-FA4616417397}.Debug|Any CPU.ActiveCfg = Debug|Any CPU
		{87682DFB-B57B-42D8-8BCF-FA4616417397}.Debug|Any CPU.Build.0 = Debug|Any CPU
		{87682DFB-B57B-42D8-8BCF-FA4616417397}.Release|Any CPU.ActiveCfg = Release|Any CPU
		{87682DFB-B57B-42D8-8BCF-FA4616417397}.Release|Any CPU.Build.0 = Release|Any CPU
		{5E0639BD-E8EF-4E18-9F88-571DB20E9D01}.Debug|Any CPU.ActiveCfg = Debug|Any CPU
		{5E0639BD-E8EF-4E18-9F88-571DB20E9D01}.Debug|Any CPU.Build.0 = Debug|Any CPU
		{5E0639BD-E8EF-4E18-9F88-571DB20E9D01}.Release|Any CPU.ActiveCfg = Release|Any CPU
		{5E0639BD-E8EF-4E18-9F88-571DB20E9D01}.Release|Any CPU.Build.0 = Release|Any CPU
	EndGlobalSection
	GlobalSection(SolutionProperties) = preSolution
		HideSolutionNode = FALSE
	EndGlobalSection
	GlobalSection(ExtensibilityGlobals) = postSolution
		SolutionGuid = {25E3D053-2E28-4483-9B84-27A442AD07FB}
	EndGlobalSection
EndGlobal
